[[package]]
category = "main"
description = "Cryptographic library for Python"
name = "pycryptodome"
optional = false
python-versions = ">=2.6, !=3.0.*, !=3.1.*, !=3.2.*, !=3.3.*"
version = "3.9.7"

[metadata]
content-hash = "08ebf3131385f45a23a53ae85fe626bb973849bec465ae232c0f553a5db72f43"
python-versions = "^3.7"

[metadata.hashes]
pycryptodome = ["07024fc364869eae8d6ac0d316e089956e6aeffe42dbdcf44fe1320d96becf7f", "09b6d6bcc01a4eb1a2b4deeff5aa602a108ec5aed8ac75ae554f97d1d7f0a5ad", "0e10f352ccbbcb5bb2dc4ecaf106564e65702a717d72ab260f9ac4c19753cfc2", "1f4752186298caf2e9ff5354f2e694d607ca7342aa313a62005235d46e28cf04", "2fbc472e0b567318fe2052281d5a8c0ae70099b446679815f655e9fbc18c3a65", "3ec3dc2f80f71fd0c955ce48b81bfaf8914c6f63a41a738f28885a1c4892968a", "426c188c83c10df71f053e04b4003b1437bae5cb37606440e498b00f160d71d0", "626c0a1d4d83ec6303f970a17158114f75c3ba1736f7f2983f7b40a265861bd8", "767ad0fb5d23efc36a4d5c2fc608ac603f3de028909bcf59abc943e0d0bc5a36", "7ac729d9091ed5478af2b4a4f44f5335a98febbc008af619e4569a59fe503e40", "83295a3fb5cf50c48631eb5b440cb5e9832d8c14d81d1d45f4497b67a9987de8", "8be56bde3312e022d9d1d6afa124556460ad5c844c2fc63642f6af723c098d35", "8f06556a8f7ea7b1e42eff39726bb0dca1c251205debae64e6eebea3cd7b438a", "9230fcb5d948c3fb40049bace4d33c5d254f8232c2c0bba05d2570aea3ba4520", "9378c309aec1f8cd8bad361ed0816a440151b97a2a3f6ffdaba1d1a1fb76873a", "9977086e0f93adb326379897437373871b80501e1d176fec63c7f46fb300c862", "9a94fca11fdc161460bd8659c15b6adef45c1b20da86402256eaf3addfaab324", "9c739b7795ccf2ef1fdad8d44e539a39ad300ee6786e804ea7f0c6a786eb5343", "b1e332587b3b195542e77681389c296e1837ca01240399d88803a075447d3557", "c109a26a21f21f695d369ff9b87f5d43e0d6c768d8384e10bc74142bed2e092e", "c818dc1f3eace93ee50c2b6b5c2becf7c418fa5dd1ba6fc0ef7db279ea21d5e4", "cff31f5a8977534f255f729d5d2467526f2b10563a30bbdade92223e0bf264bd", "d4f94368ce2d65873a87ad867eb3bf63f4ba81eb97a9ee66d38c2b71ce5a7439", "d61b012baa8c2b659e9890011358455c0019a4108536b811602d2f638c40802a", "d6e1bc5c94873bec742afe2dfadce0d20445b18e75c47afc0c115b19e5dd38dd", "ea83bcd9d6c03248ebd46e71ac313858e0afd5aa2fa81478c0e653242f3eb476", "ed5761b37615a1f222c5345bbf45272ae2cf8c7dff88a4f53a1e9f977cbb6d95", "f011cd0062e54658b7086a76f8cf0f4222812acc66e219e196ea2d0a8849d0ed", "f1add21b6d179179b3c177c33d18a2186a09cc0d3af41ff5ed3f377360b869f2", "f655addaaaa9974108d4808f4150652589cada96074c87115c52e575bfcd87d5"]
